{
    "_readme": [
        "This file locks the dependencies of your project to a known state",
        "Read more about it at https://getcomposer.org/doc/01-basic-usage.md#installing-dependencies",
        "This file is @generated automatically"
    ],
    "content-hash": "7aa843d7f6c3703a2683c511506b6366",
    "packages": [],
    "packages-dev": [
        {
            "name": "phpexperts/dockerize",
            "version": "v13.0.2",
            "source": {
                "type": "git",
                "url": "https://github.com/PHPExpertsInc/dockerize.git",
                "reference": "24d41a4e77bbc797596408450fb269608f6cdf7f"
            },
            "dist": {
                "type": "zip",
                "url": "https://api.github.com/repos/PHPExpertsInc/dockerize/zipball/24d41a4e77bbc797596408450fb269608f6cdf7f",
                "reference": "24d41a4e77bbc797596408450fb269608f6cdf7f",
                "shasum": ""
            },
            "suggest": {
                "phpexperts/docker-phan": "Dockerized phan/phan",
                "phpexperts/docker-phpstan": "Dockerized phpstan/phpstan",
                "phpexperts/docker-rector": "Dockerized rector/rector"
            },
            "bin": [
                "bin/php",
                "bin/composer",
                "bin/php-ci.sh"
            ],
            "type": "library",
            "notification-url": "https://packagist.org/downloads/",
            "license": [
                "MIT"
            ],
            "authors": [
                {
                    "name": "PHP Experts, Inc.",
                    "homepage": "https://www.phpexperts.pro/"
                },
                {
                    "name": "Theodore R. Smith",
                    "homepage": "https://www.linkedin.com/in/tedrsmith"
                }
            ],
            "description": "The quickest and easiest way to switch any PHP app/library to use Docker.",
            "homepage": "https://www.phpexperts.pro/",
            "keywords": [
                "docker",
                "dockerize",
                "new project"
            ],
            "support": {
                "issues": "https://github.com/PHPExpertsInc/dockerize/issues",
                "source": "https://github.com/PHPExpertsInc/dockerize/tree/v13.0.2"
            },
            "time": "2025-05-02T01:10:21+00:00"
        }
    ],
    "aliases": [],
    "minimum-stability": "stable",
    "stability-flags": {},
    "prefer-stable": false,
    "prefer-lowest": false,
    "platform": {},
    "platform-dev": {},
    "plugin-api-version": "2.6.0"
}
